
Microsoft Visual Studio Solution File, Format Version 12.00
# Visual Studio Version 16
VisualStudioVersion = 16.0.30717.126
MinimumVisualStudioVersion = 10.0.40219.1
Project("{FAE04EC0-301F-11D3-BF4B-00C04F79EFBC}") = "HomeApp.WebApi", "HomeApp.WebApi\HomeApp.WebApi.csproj", "{AE3D4DD7-0043-446C-BAF4-662B2FF813FC}"
EndProject
Global
	GlobalSection(SolutionConfigurationPlatforms) = preSolution
		Debug|Any CPU = Debug|Any CPU
		Release|Any CPU = Release|Any CPU
	EndGlobalSection
	GlobalSection(ProjectConfigurationPlatforms) = postSolution
		{AE3D4DD7-0043-446C-BAF4-662B2FF813FC}.Debug|Any CPU.ActiveCfg = Debug|Any CPU
		{AE3D4DD7-0043-446C-BAF4-662B2FF813FC}.Debug|Any CPU.Build.0 = Debug|Any CPU
		{AE3D4DD7-0043-446C-BAF4-662B2FF813FC}.Release|Any CPU.ActiveCfg = Release|Any CPU
		{AE3D4DD7-0043-446C-BAF4-662B2FF813FC}.Release|Any CPU.Build.0 = Release|Any CPU
	EndGlobalSection
	GlobalSection(SolutionProperties) = preSolution
		HideSolutionNode = FALSE
	EndGlobalSection
	GlobalSection(ExtensibilityGlobals) = postSolution
		SolutionGuid = {76CA4FE2-38EE-4144-BAA4-78A29D3F4118}
	EndGlobalSection
EndGlobal
